// !$*UTF8*$!
{
	archiveVersion = 1;
	classes = {
	};
	objectVersion = 56;
	objects = {

/* Begin PBXBuildFile section */
		05654E2C2B071DE500E9D97B /* HomeVC.swift in Sources */ = {isa = PBXBuildFile; fileRef = 05654E2B2B071DE500E9D97B /* HomeVC.swift */; };
		05654E2E2B071ECD00E9D97B /* RatingTblCell.swift in Sources */ = {isa = PBXBuildFile; fileRef = 05654E2D2B071ECD00E9D97B /* RatingTblCell.swift */; };
		05654E322B07231E00E9D97B /* HomeVM.swift in Sources */ = {isa = PBXBuildFile; fileRef = 05654E312B07231E00E9D97B /* HomeVM.swift */; };
		05882A452B05C0E90084D9A9 /* AppDelegate.swift in Sources */ = {isa = PBXBuildFile; fileRef = 05882A442B05C0E90084D9A9 /* AppDelegate.swift */; };
		05882A472B05C0E90084D9A9 /* SceneDelegate.swift in Sources */ = {isa = PBXBuildFile; fileRef = 05882A462B05C0E90084D9A9 /* SceneDelegate.swift */; };
		05882A492B05C0E90084D9A9 /* ViewController.swift in Sources */ = {isa = PBXBuildFile; fileRef = 05882A482B05C0E90084D9A9 /* ViewController.swift */; };
		05882A4C2B05C0E90084D9A9 /* Main.storyboard in Resources */ = {isa = PBXBuildFile; fileRef = 05882A4A2B05C0E90084D9A9 /* Main.storyboard */; };
		05882A4E2B05C0EC0084D9A9 /* Assets.xcassets in Resources */ = {isa = PBXBuildFile; fileRef = 05882A4D2B05C0EC0084D9A9 /* Assets.xcassets */; };
		05882A512B05C0EC0084D9A9 /* LaunchScreen.storyboard in Resources */ = {isa = PBXBuildFile; fileRef = 05882A4F2B05C0EC0084D9A9 /* LaunchScreen.storyboard */; };
		05882A5B2B05C7A20084D9A9 /* Extension.swift in Sources */ = {isa = PBXBuildFile; fileRef = 05882A5A2B05C7A20084D9A9 /* Extension.swift */; };
		05882A5D2B05CA610084D9A9 /* SupportRatingQuest.swift in Sources */ = {isa = PBXBuildFile; fileRef = 05882A5C2B05CA610084D9A9 /* SupportRatingQuest.swift */; };
		05882A5F2B05CEF40084D9A9 /* CardView.swift in Sources */ = {isa = PBXBuildFile; fileRef = 05882A5E2B05CEF40084D9A9 /* CardView.swift */; };
		05AB3EAB2B07BEF5009CB8A8 /* SupportProcessView.xib in Resources */ = {isa = PBXBuildFile; fileRef = 05AB3EAA2B07BEF5009CB8A8 /* SupportProcessView.xib */; };
		05AB3EAD2B07BF14009CB8A8 /* SupportProcessView.swift in Sources */ = {isa = PBXBuildFile; fileRef = 05AB3EAC2B07BF14009CB8A8 /* SupportProcessView.swift */; };
		05BB0A312B07466800146FE4 /* SupportStatusTblCell.swift in Sources */ = {isa = PBXBuildFile; fileRef = 05BB0A2F2B07466800146FE4 /* SupportStatusTblCell.swift */; };
		05BB0A322B07466800146FE4 /* SupportStatusTblCell.xib in Resources */ = {isa = PBXBuildFile; fileRef = 05BB0A302B07466800146FE4 /* SupportStatusTblCell.xib */; };
		05BB0A3D2B07670D00146FE4 /* SupportProcess.swift in Sources */ = {isa = PBXBuildFile; fileRef = 05BB0A3C2B07670D00146FE4 /* SupportProcess.swift */; };
		05D56C872B0DBFE200660725 /* SampleProcessList.swift in Sources */ = {isa = PBXBuildFile; fileRef = 05D56C862B0DBFE200660725 /* SampleProcessList.swift */; };
		05D56C8A2B0DE25700660725 /* HomeManager.swift in Sources */ = {isa = PBXBuildFile; fileRef = 05D56C892B0DE25700660725 /* HomeManager.swift */; };
		05D56C8D2B0DF42B00660725 /* SwiftyJSON in Frameworks */ = {isa = PBXBuildFile; productRef = 05D56C8C2B0DF42B00660725 /* SwiftyJSON */; };
		05D56C922B0EE09600660725 /* Kingfisher in Frameworks */ = {isa = PBXBuildFile; productRef = 05D56C912B0EE09600660725 /* Kingfisher */; };
/* End PBXBuildFile section */

/* Begin PBXFileReference section */
		05654E2B2B071DE500E9D97B /* HomeVC.swift */ = {isa = PBXFileReference; lastKnownFileType = sourcecode.swift; path = HomeVC.swift; sourceTree = "<group>"; };
		05654E2D2B071ECD00E9D97B /* RatingTblCell.swift */ = {isa = PBXFileReference; lastKnownFileType = sourcecode.swift; path = RatingTblCell.swift; sourceTree = "<group>"; };
		05654E312B07231E00E9D97B /* HomeVM.swift */ = {isa = PBXFileReference; lastKnownFileType = sourcecode.swift; path = HomeVM.swift; sourceTree = "<group>"; };
		05882A412B05C0E90084D9A9 /* StackCards.app */ = {isa = PBXFileReference; explicitFileType = wrapper.application; includeInIndex = 0; path = StackCards.app; sourceTree = BUILT_PRODUCTS_DIR; };
		05882A442B05C0E90084D9A9 /* AppDelegate.swift */ = {isa = PBXFileReference; lastKnownFileType = sourcecode.swift; path = AppDelegate.swift; sourceTree = "<group>"; };
		05882A462B05C0E90084D9A9 /* SceneDelegate.swift */ = {isa = PBXFileReference; lastKnownFileType = sourcecode.swift; path = SceneDelegate.swift; sourceTree = "<group>"; };
		05882A482B05C0E90084D9A9 /* ViewController.swift */ = {isa = PBXFileReference; lastKnownFileType = sourcecode.swift; path = ViewController.swift; sourceTree = "<group>"; };
		05882A4B2B05C0E90084D9A9 /* Base */ = {isa = PBXFileReference; lastKnownFileType = file.storyboard; name = Base; path = Base.lproj/Main.storyboard; sourceTree = "<group>"; };
		05882A4D2B05C0EC0084D9A9 /* Assets.xcassets */ = {isa = PBXFileReference; lastKnownFileType = folder.assetcatalog; path = Assets.xcassets; sourceTree = "<group>"; };
		05882A502B05C0EC0084D9A9 /* Base */ = {isa = PBXFileReference; lastKnownFileType = file.storyboard; name = Base; path = Base.lproj/LaunchScreen.storyboard; sourceTree = "<group>"; };
		05882A522B05C0EC0084D9A9 /* Info.plist */ = {isa = PBXFileReference; lastKnownFileType = text.plist.xml; path = Info.plist; sourceTree = "<group>"; };
		05882A5A2B05C7A20084D9A9 /* Extension.swift */ = {isa = PBXFileReference; lastKnownFileType = sourcecode.swift; path = Extension.swift; sourceTree = "<group>"; };
		05882A5C2B05CA610084D9A9 /* SupportRatingQuest.swift */ = {isa = PBXFileReference; lastKnownFileType = sourcecode.swift; path = SupportRatingQuest.swift; sourceTree = "<group>"; };
		05882A5E2B05CEF40084D9A9 /* CardView.swift */ = {isa = PBXFileReference; lastKnownFileType = sourcecode.swift; path = CardView.swift; sourceTree = "<group>"; };
		05AB3EAA2B07BEF5009CB8A8 /* SupportProcessView.xib */ = {isa = PBXFileReference; lastKnownFileType = file.xib; path = SupportProcessView.xib; sourceTree = "<group>"; };
		05AB3EAC2B07BF14009CB8A8 /* SupportProcessView.swift */ = {isa = PBXFileReference; lastKnownFileType = sourcecode.swift; path = SupportProcessView.swift; sourceTree = "<group>"; };
		05BB0A2F2B07466800146FE4 /* SupportStatusTblCell.swift */ = {isa = PBXFileReference; lastKnownFileType = sourcecode.swift; path = SupportStatusTblCell.swift; sourceTree = "<group>"; };
		05BB0A302B07466800146FE4 /* SupportStatusTblCell.xib */ = {isa = PBXFileReference; lastKnownFileType = file.xib; path = SupportStatusTblCell.xib; sourceTree = "<group>"; };
		05BB0A3C2B07670D00146FE4 /* SupportProcess.swift */ = {isa = PBXFileReference; lastKnownFileType = sourcecode.swift; path = SupportProcess.swift; sourceTree = "<group>"; };
		05D56C862B0DBFE200660725 /* SampleProcessList.swift */ = {isa = PBXFileReference; lastKnownFileType = sourcecode.swift; path = SampleProcessList.swift; sourceTree = "<group>"; };
		05D56C892B0DE25700660725 /* HomeManager.swift */ = {isa = PBXFileReference; lastKnownFileType = sourcecode.swift; path = HomeManager.swift; sourceTree = "<group>"; };
/* End PBXFileReference section */

/* Begin PBXFrameworksBuildPhase section */
		05882A3E2B05C0E90084D9A9 /* Frameworks */ = {
			isa = PBXFrameworksBuildPhase;
			buildActionMask = 2147483647;
			files = (
				05D56C922B0EE09600660725 /* Kingfisher in Frameworks */,
				05D56C8D2B0DF42B00660725 /* SwiftyJSON in Frameworks */,
			);
			runOnlyForDeploymentPostprocessing = 0;
		};
/* End PBXFrameworksBuildPhase section */

/* Begin PBXGroup section */
		05654E262B0703E100E9D97B /* Extension */ = {
			isa = PBXGroup;
			children = (
				05882A5A2B05C7A20084D9A9 /* Extension.swift */,
			);
			path = Extension;
			sourceTree = "<group>";
		};
		05654E272B070BBC00E9D97B /* Models */ = {
			isa = PBXGroup;
			children = (
				05882A5C2B05CA610084D9A9 /* SupportRatingQuest.swift */,
				05BB0A3C2B07670D00146FE4 /* SupportProcess.swift */,
			);
			path = Models;
			sourceTree = "<group>";
		};
		05654E282B070BFA00E9D97B /* Views */ = {
			isa = PBXGroup;
			children = (
				05BB0A2C2B07439300146FE4 /* Cells */,
				05882A5E2B05CEF40084D9A9 /* CardView.swift */,
				05882A482B05C0E90084D9A9 /* ViewController.swift */,
			);
			path = Views;
			sourceTree = "<group>";
		};
		05654E2F2B071FD100E9D97B /* ViewController */ = {
			isa = PBXGroup;
			children = (
				05654E2B2B071DE500E9D97B /* HomeVC.swift */,
			);
			path = ViewController;
			sourceTree = "<group>";
		};
		05654E302B07230500E9D97B /* ViewModel */ = {
			isa = PBXGroup;
			children = (
				05654E312B07231E00E9D97B /* HomeVM.swift */,
			);
			path = ViewModel;
			sourceTree = "<group>";
		};
		05882A382B05C0E90084D9A9 = {
			isa = PBXGroup;
			children = (
				05882A432B05C0E90084D9A9 /* StackCards */,
				05882A422B05C0E90084D9A9 /* Products */,
				228DBECB3790EFC10E3DB102 /* Pods */,
			);
			sourceTree = "<group>";
		};
		05882A422B05C0E90084D9A9 /* Products */ = {
			isa = PBXGroup;
			children = (
				05882A412B05C0E90084D9A9 /* StackCards.app */,
			);
			name = Products;
			sourceTree = "<group>";
		};
		05882A432B05C0E90084D9A9 /* StackCards */ = {
			isa = PBXGroup;
			children = (
				05D56C882B0DC1D400660725 /* Manager */,
				05654E302B07230500E9D97B /* ViewModel */,
				05654E2F2B071FD100E9D97B /* ViewController */,
				05654E282B070BFA00E9D97B /* Views */,
				05654E272B070BBC00E9D97B /* Models */,
				05654E262B0703E100E9D97B /* Extension */,
				05882A442B05C0E90084D9A9 /* AppDelegate.swift */,
				05882A462B05C0E90084D9A9 /* SceneDelegate.swift */,
				05882A4A2B05C0E90084D9A9 /* Main.storyboard */,
				05882A4D2B05C0EC0084D9A9 /* Assets.xcassets */,
				05882A4F2B05C0EC0084D9A9 /* LaunchScreen.storyboard */,
				05882A522B05C0EC0084D9A9 /* Info.plist */,
			);
			path = StackCards;
			sourceTree = "<group>";
		};
		05BB0A2C2B07439300146FE4 /* Cells */ = {
			isa = PBXGroup;
			children = (
				05BB0A332B074B1E00146FE4 /* Support Satus */,
				05654E2D2B071ECD00E9D97B /* RatingTblCell.swift */,
			);
			path = Cells;
			sourceTree = "<group>";
		};
		05BB0A332B074B1E00146FE4 /* Support Satus */ = {
			isa = PBXGroup;
			children = (
				05BB0A2F2B07466800146FE4 /* SupportStatusTblCell.swift */,
				05BB0A302B07466800146FE4 /* SupportStatusTblCell.xib */,
				05AB3EAA2B07BEF5009CB8A8 /* SupportProcessView.xib */,
				05AB3EAC2B07BF14009CB8A8 /* SupportProcessView.swift */,
			);
			path = "Support Satus";
			sourceTree = "<group>";
		};
		05D56C882B0DC1D400660725 /* Manager */ = {
			isa = PBXGroup;
			children = (
				05D56C862B0DBFE200660725 /* SampleProcessList.swift */,
				05D56C892B0DE25700660725 /* HomeManager.swift */,
			);
			path = Manager;
			sourceTree = "<group>";
		};
		228DBECB3790EFC10E3DB102 /* Pods */ = {
			isa = PBXGroup;
			children = (
			);
			path = Pods;
			sourceTree = "<group>";
		};
/* End PBXGroup section */

/* Begin PBXNativeTarget section */
		05882A402B05C0E90084D9A9 /* StackCards */ = {
			isa = PBXNativeTarget;
			buildConfigurationList = 05882A552B05C0EC0084D9A9 /* Build configuration list for PBXNativeTarget "StackCards" */;
			buildPhases = (
				05882A3D2B05C0E90084D9A9 /* Sources */,
				05882A3E2B05C0E90084D9A9 /* Frameworks */,
				05882A3F2B05C0E90084D9A9 /* Resources */,
			);
			buildRules = (
			);
			dependencies = (
			);
			name = StackCards;
			packageProductDependencies = (
				05D56C8C2B0DF42B00660725 /* SwiftyJSON */,
				05D56C912B0EE09600660725 /* Kingfisher */,
			);
			productName = StackCards;
			productReference = 05882A412B05C0E90084D9A9 /* StackCards.app */;
			productType = "com.apple.product-type.application";
		};
/* End PBXNativeTarget section */

/* Begin PBXProject section */
		05882A392B05C0E90084D9A9 /* Project object */ = {
			isa = PBXProject;
			attributes = {
				BuildIndependentTargetsInParallel = 1;
				LastSwiftUpdateCheck = 1500;
				LastUpgradeCheck = 1500;
				TargetAttributes = {
					05882A402B05C0E90084D9A9 = {
						CreatedOnToolsVersion = 15.0.1;
					};
				};
			};
			buildConfigurationList = 05882A3C2B05C0E90084D9A9 /* Build configuration list for PBXProject "StackCards" */;
			compatibilityVersion = "Xcode 14.0";
			developmentRegion = en;
			hasScannedForEncodings = 0;
			knownRegions = (
				en,
				Base,
			);
			mainGroup = 05882A382B05C0E90084D9A9;
			packageReferences = (
				05D56C8B2B0DF42B00660725 /* XCRemoteSwiftPackageReference "SwiftyJSON" */,
				05D56C902B0EE09600660725 /* XCRemoteSwiftPackageReference "Kingfisher" */,
			);
			productRefGroup = 05882A422B05C0E90084D9A9 /* Products */;
			projectDirPath = "";
			projectRoot = "";
			targets = (
				05882A402B05C0E90084D9A9 /* StackCards */,
			);
		};
/* End PBXProject section */

/* Begin PBXResourcesBuildPhase section */
		05882A3F2B05C0E90084D9A9 /* Resources */ = {
			isa = PBXResourcesBuildPhase;
			buildActionMask = 2147483647;
			files = (
				05BB0A322B07466800146FE4 /* SupportStatusTblCell.xib in Resources */,
				05882A512B05C0EC0084D9A9 /* LaunchScreen.storyboard in Resources */,
				05882A4E2B05C0EC0084D9A9 /* Assets.xcassets in Resources */,
				05AB3EAB2B07BEF5009CB8A8 /* SupportProcessView.xib in Resources */,
				05882A4C2B05C0E90084D9A9 /* Main.storyboard in Resources */,
			);
			runOnlyForDeploymentPostprocessing = 0;
		};
/* End PBXResourcesBuildPhase section */

/* Begin PBXSourcesBuildPhase section */
		05882A3D2B05C0E90084D9A9 /* Sources */ = {
			isa = PBXSourcesBuildPhase;
			buildActionMask = 2147483647;
			files = (
				05882A5F2B05CEF40084D9A9 /* CardView.swift in Sources */,
				05654E2C2B071DE500E9D97B /* HomeVC.swift in Sources */,
				05D56C8A2B0DE25700660725 /* HomeManager.swift in Sources */,
				05882A5B2B05C7A20084D9A9 /* Extension.swift in Sources */,
				05654E322B07231E00E9D97B /* HomeVM.swift in Sources */,
				05882A5D2B05CA610084D9A9 /* SupportRatingQuest.swift in Sources */,
				05882A492B05C0E90084D9A9 /* ViewController.swift in Sources */,
				05BB0A3D2B07670D00146FE4 /* SupportProcess.swift in Sources */,
				05654E2E2B071ECD00E9D97B /* RatingTblCell.swift in Sources */,
				05882A452B05C0E90084D9A9 /* AppDelegate.swift in Sources */,
				05BB0A312B07466800146FE4 /* SupportStatusTblCell.swift in Sources */,
				05D56C872B0DBFE200660725 /* SampleProcessList.swift in Sources */,
				05AB3EAD2B07BF14009CB8A8 /* SupportProcessView.swift in Sources */,
				05882A472B05C0E90084D9A9 /* SceneDelegate.swift in Sources */,
			);
			runOnlyForDeploymentPostprocessing = 0;
		};
/* End PBXSourcesBuildPhase section */

/* Begin PBXVariantGroup section */
		05882A4A2B05C0E90084D9A9 /* Main.storyboard */ = {
			isa = PBXVariantGroup;
			children = (
				05882A4B2B05C0E90084D9A9 /* Base */,
			);
			name = Main.storyboard;
			sourceTree = "<group>";
		};
		05882A4F2B05C0EC0084D9A9 /* LaunchScreen.storyboard */ = {
			isa = PBXVariantGroup;
			children = (
				05882A502B05C0EC0084D9A9 /* Base */,
			);
			name = LaunchScreen.storyboard;
			sourceTree = "<group>";
		};
/* End PBXVariantGroup section */

/* Begin XCBuildConfiguration section */
		05882A532B05C0EC0084D9A9 /* Debug */ = {
			isa = XCBuildConfiguration;
			buildSettings = {
				ALWAYS_SEARCH_USER_PATHS = NO;
				ASSETCATALOG_COMPILER_GENERATE_SWIFT_ASSET_SYMBOL_EXTENSIONS = YES;
				CLANG_ANALYZER_NONNULL = YES;
				CLANG_ANALYZER_NUMBER_OBJECT_CONVERSION = YES_AGGRESSIVE;
				CLANG_CXX_LANGUAGE_STANDARD = "gnu++20";
				CLANG_ENABLE_MODULES = YES;
				CLANG_ENABLE_OBJC_ARC = YES;
				CLANG_ENABLE_OBJC_WEAK = YES;
				CLANG_WARN_BLOCK_CAPTURE_AUTORELEASING = YES;
				CLANG_WARN_BOOL_CONVERSION = YES;
				CLANG_WARN_COMMA = YES;
				CLANG_WARN_CONSTANT_CONVERSION = YES;
				CLANG_WARN_DEPRECATED_OBJC_IMPLEMENTATIONS = YES;
				CLANG_WARN_DIRECT_OBJC_ISA_USAGE = YES_ERROR;
				CLANG_WARN_DOCUMENTATION_COMMENTS = YES;
				CLANG_WARN_EMPTY_BODY = YES;
				CLANG_WARN_ENUM_CONVERSION = YES;
				CLANG_WARN_INFINITE_RECURSION = YES;
				CLANG_WARN_INT_CONVERSION = YES;
				CLANG_WARN_NON_LITERAL_NULL_CONVERSION = YES;
				CLANG_WARN_OBJC_IMPLICIT_RETAIN_SELF = YES;
				CLANG_WARN_OBJC_LITERAL_CONVERSION = YES;
				CLANG_WARN_OBJC_ROOT_CLASS = YES_ERROR;
				CLANG_WARN_QUOTED_INCLUDE_IN_FRAMEWORK_HEADER = YES;
				CLANG_WARN_RANGE_LOOP_ANALYSIS = YES;
				CLANG_WARN_STRICT_PROTOTYPES = YES;
				CLANG_WARN_SUSPICIOUS_MOVE = YES;
				CLANG_WARN_UNGUARDED_AVAILABILITY = YES_AGGRESSIVE;
				CLANG_WARN_UNREACHABLE_CODE = YES;
				CLANG_WARN__DUPLICATE_METHOD_MATCH = YES;
				COPY_PHASE_STRIP = NO;
				DEBUG_INFORMATION_FORMAT = dwarf;
				ENABLE_STRICT_OBJC_MSGSEND = YES;
				ENABLE_TESTABILITY = YES;
				ENABLE_USER_SCRIPT_SANDBOXING = YES;
				GCC_C_LANGUAGE_STANDARD = gnu17;
				GCC_DYNAMIC_NO_PIC = NO;
				GCC_NO_COMMON_BLOCKS = YES;
				GCC_OPTIMIZATION_LEVEL = 0;
				GCC_PREPROCESSOR_DEFINITIONS = (
					"DEBUG=1",
					"$(inherited)",
				);
				GCC_WARN_64_TO_32_BIT_CONVERSION = YES;
				GCC_WARN_ABOUT_RETURN_TYPE = YES_ERROR;
				GCC_WARN_UNDECLARED_SELECTOR = YES;
				GCC_WARN_UNINITIALIZED_AUTOS = YES_AGGRESSIVE;
				GCC_WARN_UNUSED_FUNCTION = YES;
				GCC_WARN_UNUSED_VARIABLE = YES;
				IPHONEOS_DEPLOYMENT_TARGET = 17.0;
				LOCALIZATION_PREFERS_STRING_CATALOGS = YES;
				MTL_ENABLE_DEBUG_INFO = INCLUDE_SOURCE;
				MTL_FAST_MATH = YES;
				ONLY_ACTIVE_ARCH = YES;
				SDKROOT = iphoneos;
				SWIFT_ACTIVE_COMPILATION_CONDITIONS = "DEBUG $(inherited)";
				SWIFT_OPTIMIZATION_LEVEL = "-Onone";
			};
			name = Debug;
		};
		05882A542B05C0EC0084D9A9 /* Release */ = {
			isa = XCBuildConfiguration;
			buildSettings = {
				ALWAYS_SEARCH_USER_PATHS = NO;
				ASSETCATALOG_COMPILER_GENERATE_SWIFT_ASSET_SYMBOL_EXTENSIONS = YES;
				CLANG_ANALYZER_NONNULL = YES;
				CLANG_ANALYZER_NUMBER_OBJECT_CONVERSION = YES_AGGRESSIVE;
				CLANG_CXX_LANGUAGE_STANDARD = "gnu++20";
				CLANG_ENABLE_MODULES = YES;
				CLANG_ENABLE_OBJC_ARC = YES;
				CLANG_ENABLE_OBJC_WEAK = YES;
				CLANG_WARN_BLOCK_CAPTURE_AUTORELEASING = YES;
				CLANG_WARN_BOOL_CONVERSION = YES;
				CLANG_WARN_COMMA = YES;
				CLANG_WARN_CONSTANT_CONVERSION = YES;
				CLANG_WARN_DEPRECATED_OBJC_IMPLEMENTATIONS = YES;
				CLANG_WARN_DIRECT_OBJC_ISA_USAGE = YES_ERROR;
				CLANG_WARN_DOCUMENTATION_COMMENTS = YES;
				CLANG_WARN_EMPTY_BODY = YES;
				CLANG_WARN_ENUM_CONVERSION = YES;
				CLANG_WARN_INFINITE_RECURSION = YES;
				CLANG_WARN_INT_CONVERSION = YES;
				CLANG_WARN_NON_LITERAL_NULL_CONVERSION = YES;
				CLANG_WARN_OBJC_IMPLICIT_RETAIN_SELF = YES;
				CLANG_WARN_OBJC_LITERAL_CONVERSION = YES;
				CLANG_WARN_OBJC_ROOT_CLASS = YES_ERROR;
				CLANG_WARN_QUOTED_INCLUDE_IN_FRAMEWORK_HEADER = YES;
				CLANG_WARN_RANGE_LOOP_ANALYSIS = YES;
				CLANG_WARN_STRICT_PROTOTYPES = YES;
				CLANG_WARN_SUSPICIOUS_MOVE = YES;
				CLANG_WARN_UNGUARDED_AVAILABILITY = YES_AGGRESSIVE;
				CLANG_WARN_UNREACHABLE_CODE = YES;
				CLANG_WARN__DUPLICATE_METHOD_MATCH = YES;
				COPY_PHASE_STRIP = NO;
				DEBUG_INFORMATION_FORMAT = "dwarf-with-dsym";
				ENABLE_NS_ASSERTIONS = NO;
				ENABLE_STRICT_OBJC_MSGSEND = YES;
				ENABLE_USER_SCRIPT_SANDBOXING = YES;
				GCC_C_LANGUAGE_STANDARD = gnu17;
				GCC_NO_COMMON_BLOCKS = YES;
				GCC_WARN_64_TO_32_BIT_CONVERSION = YES;
				GCC_WARN_ABOUT_RETURN_TYPE = YES_ERROR;
				GCC_WARN_UNDECLARED_SELECTOR = YES;
				GCC_WARN_UNINITIALIZED_AUTOS = YES_AGGRESSIVE;
				GCC_WARN_UNUSED_FUNCTION = YES;
				GCC_WARN_UNUSED_VARIABLE = YES;
				IPHONEOS_DEPLOYMENT_TARGET = 17.0;
				LOCALIZATION_PREFERS_STRING_CATALOGS = YES;
				MTL_ENABLE_DEBUG_INFO = NO;
				MTL_FAST_MATH = YES;
				SDKROOT = iphoneos;
				SWIFT_COMPILATION_MODE = wholemodule;
				VALIDATE_PRODUCT = YES;
			};
			name = Release;
		};
		05882A562B05C0EC0084D9A9 /* Debug */ = {
			isa = XCBuildConfiguration;
			buildSettings = {
				ASSETCATALOG_COMPILER_APPICON_NAME = AppIcon;
				ASSETCATALOG_COMPILER_GLOBAL_ACCENT_COLOR_NAME = AccentColor;
				CODE_SIGN_STYLE = Automatic;
				CURRENT_PROJECT_VERSION = 1;
				DEVELOPMENT_TEAM = 29955KP3ZL;
				GENERATE_INFOPLIST_FILE = YES;
				INFOPLIST_FILE = StackCards/Info.plist;
				INFOPLIST_KEY_UIApplicationSupportsIndirectInputEvents = YES;
				INFOPLIST_KEY_UILaunchStoryboardName = LaunchScreen;
				INFOPLIST_KEY_UISupportedInterfaceOrientations_iPad = "UIInterfaceOrientationPortrait UIInterfaceOrientationPortraitUpsideDown UIInterfaceOrientationLandscapeLeft UIInterfaceOrientationLandscapeRight";
				INFOPLIST_KEY_UISupportedInterfaceOrientations_iPhone = "UIInterfaceOrientationPortrait UIInterfaceOrientationLandscapeLeft UIInterfaceOrientationLandscapeRight";
				IPHONEOS_DEPLOYMENT_TARGET = 13.0;
				LD_RUNPATH_SEARCH_PATHS = (
					"$(inherited)",
					"@executable_path/Frameworks",
				);
				MARKETING_VERSION = 1.0;
				PRODUCT_BUNDLE_IDENTIFIER = com.k2tam.StackCards;
				PRODUCT_NAME = "$(TARGET_NAME)";
				SUPPORTED_PLATFORMS = "iphoneos iphonesimulator";
				SUPPORTS_MACCATALYST = NO;
				SUPPORTS_MAC_DESIGNED_FOR_IPHONE_IPAD = NO;
				SWIFT_EMIT_LOC_STRINGS = YES;
				SWIFT_VERSION = 5.0;
				TARGETED_DEVICE_FAMILY = 1;
			};
			name = Debug;
		};
		05882A572B05C0EC0084D9A9 /* Release */ = {
			isa = XCBuildConfiguration;
			buildSettings = {
				ASSETCATALOG_COMPILER_APPICON_NAME = AppIcon;
				ASSETCATALOG_COMPILER_GLOBAL_ACCENT_COLOR_NAME = AccentColor;
				CODE_SIGN_STYLE = Automatic;
				CURRENT_PROJECT_VERSION = 1;
				DEVELOPMENT_TEAM = 29955KP3ZL;
				GENERATE_INFOPLIST_FILE = YES;
				INFOPLIST_FILE = StackCards/Info.plist;
				INFOPLIST_KEY_UIApplicationSupportsIndirectInputEvents = YES;
				INFOPLIST_KEY_UILaunchStoryboardName = LaunchScreen;
				INFOPLIST_KEY_UISupportedInterfaceOrientations_iPad = "UIInterfaceOrientationPortrait UIInterfaceOrientationPortraitUpsideDown UIInterfaceOrientationLandscapeLeft UIInterfaceOrientationLandscapeRight";
				INFOPLIST_KEY_UISupportedInterfaceOrientations_iPhone = "UIInterfaceOrientationPortrait UIInterfaceOrientationLandscapeLeft UIInterfaceOrientationLandscapeRight";
				IPHONEOS_DEPLOYMENT_TARGET = 13.0;
				LD_RUNPATH_SEARCH_PATHS = (
					"$(inherited)",
					"@executable_path/Frameworks",
				);
				MARKETING_VERSION = 1.0;
				PRODUCT_BUNDLE_IDENTIFIER = com.k2tam.StackCards;
				PRODUCT_NAME = "$(TARGET_NAME)";
				SUPPORTED_PLATFORMS = "iphoneos iphonesimulator";
				SUPPORTS_MACCATALYST = NO;
				SUPPORTS_MAC_DESIGNED_FOR_IPHONE_IPAD = NO;
				SWIFT_EMIT_LOC_STRINGS = YES;
				SWIFT_VERSION = 5.0;
				TARGETED_DEVICE_FAMILY = 1;
			};
			name = Release;
		};
/* End XCBuildConfiguration section */

/* Begin XCConfigurationList section */
		05882A3C2B05C0E90084D9A9 /* Build configuration list for PBXProject "StackCards" */ = {
			isa = XCConfigurationList;
			buildConfigurations = (
				05882A532B05C0EC0084D9A9 /* Debug */,
				05882A542B05C0EC0084D9A9 /* Release */,
			);
			defaultConfigurationIsVisible = 0;
			defaultConfigurationName = Release;
		};
		05882A552B05C0EC0084D9A9 /* Build configuration list for PBXNativeTarget "StackCards" */ = {
			isa = XCConfigurationList;
			buildConfigurations = (
				05882A562B05C0EC0084D9A9 /* Debug */,
				05882A572B05C0EC0084D9A9 /* Release */,
			);
			defaultConfigurationIsVisible = 0;
			defaultConfigurationName = Release;
		};
/* End XCConfigurationList section */

/* Begin XCRemoteSwiftPackageReference section */
		05D56C8B2B0DF42B00660725 /* XCRemoteSwiftPackageReference "SwiftyJSON" */ = {
			isa = XCRemoteSwiftPackageReference;
			repositoryURL = "https://github.com/SwiftyJSON/SwiftyJSON.git";
			requirement = {
				kind = upToNextMajorVersion;
				minimumVersion = 5.0.1;
			};
		};
		05D56C902B0EE09600660725 /* XCRemoteSwiftPackageReference "Kingfisher" */ = {
			isa = XCRemoteSwiftPackageReference;
			repositoryURL = "https://github.com/onevcat/Kingfisher.git";
			requirement = {
				kind = upToNextMajorVersion;
				minimumVersion = 7.10.0;
			};
		};
/* End XCRemoteSwiftPackageReference section */

/* Begin XCSwiftPackageProductDependency section */
		05D56C8C2B0DF42B00660725 /* SwiftyJSON */ = {
			isa = XCSwiftPackageProductDependency;
			package = 05D56C8B2B0DF42B00660725 /* XCRemoteSwiftPackageReference "SwiftyJSON" */;
			productName = SwiftyJSON;
		};
		05D56C912B0EE09600660725 /* Kingfisher */ = {
			isa = XCSwiftPackageProductDependency;
			package = 05D56C902B0EE09600660725 /* XCRemoteSwiftPackageReference "Kingfisher" */;
			productName = Kingfisher;
		};
/* End XCSwiftPackageProductDependency section */
	};
	rootObject = 05882A392B05C0E90084D9A9 /* Project object */;
}
